// !$*UTF8*$!
{
	archiveVersion = 1;
	classes = {
	};
	objectVersion = 56;
	objects = {

/* Begin PBXBuildFile section */
		0ECAEDC92C02567100F87DB9 /* SessionRowView.swift in Sources */ = {isa = PBXBuildFile; fileRef = 0ECAEDC82C02567100F87DB9 /* SessionRowView.swift */; };
		0ECAEDCB2C0294C600F87DB9 /* EventSessionsView.swift in Sources */ = {isa = PBXBuildFile; fileRef = 0ECAEDCA2C0294C600F87DB9 /* EventSessionsView.swift */; };
		0ECAEDCD2C02988C00F87DB9 /* SessionDetailView.swift in Sources */ = {isa = PBXBuildFile; fileRef = 0ECAEDCC2C02988C00F87DB9 /* SessionDetailView.swift */; };
		0ECAEDCF2C02B5EA00F87DB9 /* ResourceLinkView.swift in Sources */ = {isa = PBXBuildFile; fileRef = 0ECAEDCE2C02B5EA00F87DB9 /* ResourceLinkView.swift */; };
		0EEBCFEC2C0161B3002B1C07 /* WWDCRecord.json in Resources */ = {isa = PBXBuildFile; fileRef = 0EEBCFEB2C0161B3002B1C07 /* WWDCRecord.json */; };
		0EEBCFEE2C01622A002B1C07 /* WWDCRecord.swift in Sources */ = {isa = PBXBuildFile; fileRef = 0EEBCFED2C01622A002B1C07 /* WWDCRecord.swift */; };
		0EEBCFF02C0164A8002B1C07 /* RecordLoader.swift in Sources */ = {isa = PBXBuildFile; fileRef = 0EEBCFEF2C0164A8002B1C07 /* RecordLoader.swift */; };
		0EEBCFF22C018889002B1C07 /* RecordManager.swift in Sources */ = {isa = PBXBuildFile; fileRef = 0EEBCFF12C018889002B1C07 /* RecordManager.swift */; };
		0EEBCFF42C0196F4002B1C07 /* EventRowView.swift in Sources */ = {isa = PBXBuildFile; fileRef = 0EEBCFF32C0196F4002B1C07 /* EventRowView.swift */; };
		0EFDCF772C0110DC0007FAD5 /* WWDCArchivesApp.swift in Sources */ = {isa = PBXBuildFile; fileRef = 0EFDCF762C0110DC0007FAD5 /* WWDCArchivesApp.swift */; };
		0EFDCF792C0110DC0007FAD5 /* WWDCArchivesView.swift in Sources */ = {isa = PBXBuildFile; fileRef = 0EFDCF782C0110DC0007FAD5 /* WWDCArchivesView.swift */; };
		0EFDCF7B2C0110DD0007FAD5 /* Assets.xcassets in Resources */ = {isa = PBXBuildFile; fileRef = 0EFDCF7A2C0110DD0007FAD5 /* Assets.xcassets */; };
		0EFDCF7E2C0110DD0007FAD5 /* Preview Assets.xcassets in Resources */ = {isa = PBXBuildFile; fileRef = 0EFDCF7D2C0110DD0007FAD5 /* Preview Assets.xcassets */; };
/* End PBXBuildFile section */

/* Begin PBXFileReference section */
		0ECAEDC82C02567100F87DB9 /* SessionRowView.swift */ = {isa = PBXFileReference; lastKnownFileType = sourcecode.swift; path = SessionRowView.swift; sourceTree = "<group>"; };
		0ECAEDCA2C0294C600F87DB9 /* EventSessionsView.swift */ = {isa = PBXFileReference; lastKnownFileType = sourcecode.swift; path = EventSessionsView.swift; sourceTree = "<group>"; };
		0ECAEDCC2C02988C00F87DB9 /* SessionDetailView.swift */ = {isa = PBXFileReference; lastKnownFileType = sourcecode.swift; path = SessionDetailView.swift; sourceTree = "<group>"; };
		0ECAEDCE2C02B5EA00F87DB9 /* ResourceLinkView.swift */ = {isa = PBXFileReference; lastKnownFileType = sourcecode.swift; path = ResourceLinkView.swift; sourceTree = "<group>"; };
		0EEBCFEB2C0161B3002B1C07 /* WWDCRecord.json */ = {isa = PBXFileReference; fileEncoding = 4; lastKnownFileType = text.json; name = WWDCRecord.json; path = ../../WWDCRecord.json; sourceTree = "<group>"; };
		0EEBCFED2C01622A002B1C07 /* WWDCRecord.swift */ = {isa = PBXFileReference; lastKnownFileType = sourcecode.swift; path = WWDCRecord.swift; sourceTree = "<group>"; };
		0EEBCFEF2C0164A8002B1C07 /* RecordLoader.swift */ = {isa = PBXFileReference; lastKnownFileType = sourcecode.swift; path = RecordLoader.swift; sourceTree = "<group>"; };
		0EEBCFF12C018889002B1C07 /* RecordManager.swift */ = {isa = PBXFileReference; lastKnownFileType = sourcecode.swift; path = RecordManager.swift; sourceTree = "<group>"; };
		0EEBCFF32C0196F4002B1C07 /* EventRowView.swift */ = {isa = PBXFileReference; lastKnownFileType = sourcecode.swift; path = EventRowView.swift; sourceTree = "<group>"; };
		0EFDCF732C0110DC0007FAD5 /* WWDCArchives.app */ = {isa = PBXFileReference; explicitFileType = wrapper.application; includeInIndex = 0; path = WWDCArchives.app; sourceTree = BUILT_PRODUCTS_DIR; };
		0EFDCF762C0110DC0007FAD5 /* WWDCArchivesApp.swift */ = {isa = PBXFileReference; lastKnownFileType = sourcecode.swift; path = WWDCArchivesApp.swift; sourceTree = "<group>"; };
		0EFDCF782C0110DC0007FAD5 /* WWDCArchivesView.swift */ = {isa = PBXFileReference; lastKnownFileType = sourcecode.swift; path = WWDCArchivesView.swift; sourceTree = "<group>"; };
		0EFDCF7A2C0110DD0007FAD5 /* Assets.xcassets */ = {isa = PBXFileReference; lastKnownFileType = folder.assetcatalog; path = Assets.xcassets; sourceTree = "<group>"; };
		0EFDCF7D2C0110DD0007FAD5 /* Preview Assets.xcassets */ = {isa = PBXFileReference; lastKnownFileType = folder.assetcatalog; path = "Preview Assets.xcassets"; sourceTree = "<group>"; };
/* End PBXFileReference section */

/* Begin PBXFrameworksBuildPhase section */
		0EFDCF702C0110DC0007FAD5 /* Frameworks */ = {
			isa = PBXFrameworksBuildPhase;
			buildActionMask = 2147483647;
			files = (
			);
			runOnlyForDeploymentPostprocessing = 0;
		};
/* End PBXFrameworksBuildPhase section */

/* Begin PBXGroup section */
		0EEBCFF52C01980A002B1C07 /* Views */ = {
			isa = PBXGroup;
			children = (
				0EFDCF782C0110DC0007FAD5 /* WWDCArchivesView.swift */,
				0EEBCFF32C0196F4002B1C07 /* EventRowView.swift */,
				0ECAEDC82C02567100F87DB9 /* SessionRowView.swift */,
				0ECAEDCA2C0294C600F87DB9 /* EventSessionsView.swift */,
				0ECAEDCC2C02988C00F87DB9 /* SessionDetailView.swift */,
				0ECAEDCE2C02B5EA00F87DB9 /* ResourceLinkView.swift */,
			);
			path = Views;
			sourceTree = "<group>";
		};
		0EEBCFF62C019810002B1C07 /* App */ = {
			isa = PBXGroup;
			children = (
				0EFDCF762C0110DC0007FAD5 /* WWDCArchivesApp.swift */,
			);
			path = App;
			sourceTree = "<group>";
		};
		0EEBCFF72C019813002B1C07 /* Models */ = {
			isa = PBXGroup;
			children = (
				0EEBCFF12C018889002B1C07 /* RecordManager.swift */,
				0EEBCFEF2C0164A8002B1C07 /* RecordLoader.swift */,
				0EEBCFED2C01622A002B1C07 /* WWDCRecord.swift */,
			);
			path = Models;
			sourceTree = "<group>";
		};
		0EFDCF6A2C0110DC0007FAD5 = {
			isa = PBXGroup;
			children = (
				0EFDCF752C0110DC0007FAD5 /* WWDCArchives */,
				0EFDCF742C0110DC0007FAD5 /* Products */,
			);
			sourceTree = "<group>";
		};
		0EFDCF742C0110DC0007FAD5 /* Products */ = {
			isa = PBXGroup;
			children = (
				0EFDCF732C0110DC0007FAD5 /* WWDCArchives.app */,
			);
			name = Products;
			sourceTree = "<group>";
		};
		0EFDCF752C0110DC0007FAD5 /* WWDCArchives */ = {
			isa = PBXGroup;
			children = (
				0EEBCFF62C019810002B1C07 /* App */,
				0EEBCFF72C019813002B1C07 /* Models */,
				0EEBCFF52C01980A002B1C07 /* Views */,
				0EEBCFEB2C0161B3002B1C07 /* WWDCRecord.json */,
				0EFDCF7A2C0110DD0007FAD5 /* Assets.xcassets */,
				0EFDCF7C2C0110DD0007FAD5 /* Preview Content */,
			);
			path = WWDCArchives;
			sourceTree = "<group>";
		};
		0EFDCF7C2C0110DD0007FAD5 /* Preview Content */ = {
			isa = PBXGroup;
			children = (
				0EFDCF7D2C0110DD0007FAD5 /* Preview Assets.xcassets */,
			);
			path = "Preview Content";
			sourceTree = "<group>";
		};
/* End PBXGroup section */

/* Begin PBXNativeTarget section */
		0EFDCF722C0110DC0007FAD5 /* WWDCArchives */ = {
			isa = PBXNativeTarget;
			buildConfigurationList = 0EFDCF812C0110DD0007FAD5 /* Build configuration list for PBXNativeTarget "WWDCArchives" */;
			buildPhases = (
				0EFDCF6F2C0110DC0007FAD5 /* Sources */,
				0EFDCF702C0110DC0007FAD5 /* Frameworks */,
				0EFDCF712C0110DC0007FAD5 /* Resources */,
			);
			buildRules = (
			);
			dependencies = (
			);
			name = WWDCArchives;
			productName = WWDCArchives;
			productReference = 0EFDCF732C0110DC0007FAD5 /* WWDCArchives.app */;
			productType = "com.apple.product-type.application";
		};
/* End PBXNativeTarget section */

/* Begin PBXProject section */
		0EFDCF6B2C0110DC0007FAD5 /* Project object */ = {
			isa = PBXProject;
			attributes = {
				BuildIndependentTargetsInParallel = 1;
				LastSwiftUpdateCheck = 1540;
				LastUpgradeCheck = 1540;
				TargetAttributes = {
					0EFDCF722C0110DC0007FAD5 = {
						CreatedOnToolsVersion = 15.4;
					};
				};
			};
			buildConfigurationList = 0EFDCF6E2C0110DC0007FAD5 /* Build configuration list for PBXProject "WWDCArchives" */;
			compatibilityVersion = "Xcode 14.0";
			developmentRegion = en;
			hasScannedForEncodings = 0;
			knownRegions = (
				en,
				Base,
			);
			mainGroup = 0EFDCF6A2C0110DC0007FAD5;
			productRefGroup = 0EFDCF742C0110DC0007FAD5 /* Products */;
			projectDirPath = "";
			projectRoot = "";
			targets = (
				0EFDCF722C0110DC0007FAD5 /* WWDCArchives */,
			);
		};
/* End PBXProject section */

/* Begin PBXResourcesBuildPhase section */
		0EFDCF712C0110DC0007FAD5 /* Resources */ = {
			isa = PBXResourcesBuildPhase;
			buildActionMask = 2147483647;
			files = (
				0EFDCF7E2C0110DD0007FAD5 /* Preview Assets.xcassets in Resources */,
				0EFDCF7B2C0110DD0007FAD5 /* Assets.xcassets in Resources */,
				0EEBCFEC2C0161B3002B1C07 /* WWDCRecord.json in Resources */,
			);
			runOnlyForDeploymentPostprocessing = 0;
		};
/* End PBXResourcesBuildPhase section */

/* Begin PBXSourcesBuildPhase section */
		0EFDCF6F2C0110DC0007FAD5 /* Sources */ = {
			isa = PBXSourcesBuildPhase;
			buildActionMask = 2147483647;
			files = (
				0EEBCFF42C0196F4002B1C07 /* EventRowView.swift in Sources */,
				0ECAEDCD2C02988C00F87DB9 /* SessionDetailView.swift in Sources */,
				0EEBCFF02C0164A8002B1C07 /* RecordLoader.swift in Sources */,
				0EFDCF792C0110DC0007FAD5 /* WWDCArchivesView.swift in Sources */,
				0EEBCFEE2C01622A002B1C07 /* WWDCRecord.swift in Sources */,
				0EEBCFF22C018889002B1C07 /* RecordManager.swift in Sources */,
				0EFDCF772C0110DC0007FAD5 /* WWDCArchivesApp.swift in Sources */,
				0ECAEDCB2C0294C600F87DB9 /* EventSessionsView.swift in Sources */,
				0ECAEDCF2C02B5EA00F87DB9 /* ResourceLinkView.swift in Sources */,
				0ECAEDC92C02567100F87DB9 /* SessionRowView.swift in Sources */,
			);
			runOnlyForDeploymentPostprocessing = 0;
		};
/* End PBXSourcesBuildPhase section */

/* Begin XCBuildConfiguration section */
		0EFDCF7F2C0110DD0007FAD5 /* Debug */ = {
			isa = XCBuildConfiguration;
			buildSettings = {
				ALWAYS_SEARCH_USER_PATHS = NO;
				ASSETCATALOG_COMPILER_GENERATE_SWIFT_ASSET_SYMBOL_EXTENSIONS = YES;
				CLANG_ANALYZER_NONNULL = YES;
				CLANG_ANALYZER_NUMBER_OBJECT_CONVERSION = YES_AGGRESSIVE;
				CLANG_CXX_LANGUAGE_STANDARD = "gnu++20";
				CLANG_ENABLE_MODULES = YES;
				CLANG_ENABLE_OBJC_ARC = YES;
				CLANG_ENABLE_OBJC_WEAK = YES;
				CLANG_WARN_BLOCK_CAPTURE_AUTORELEASING = YES;
				CLANG_WARN_BOOL_CONVERSION = YES;
				CLANG_WARN_COMMA = YES;
				CLANG_WARN_CONSTANT_CONVERSION = YES;
				CLANG_WARN_DEPRECATED_OBJC_IMPLEMENTATIONS = YES;
				CLANG_WARN_DIRECT_OBJC_ISA_USAGE = YES_ERROR;
				CLANG_WARN_DOCUMENTATION_COMMENTS = YES;
				CLANG_WARN_EMPTY_BODY = YES;
				CLANG_WARN_ENUM_CONVERSION = YES;
				CLANG_WARN_INFINITE_RECURSION = YES;
				CLANG_WARN_INT_CONVERSION = YES;
				CLANG_WARN_NON_LITERAL_NULL_CONVERSION = YES;
				CLANG_WARN_OBJC_IMPLICIT_RETAIN_SELF = YES;
				CLANG_WARN_OBJC_LITERAL_CONVERSION = YES;
				CLANG_WARN_OBJC_ROOT_CLASS = YES_ERROR;
				CLANG_WARN_QUOTED_INCLUDE_IN_FRAMEWORK_HEADER = YES;
				CLANG_WARN_RANGE_LOOP_ANALYSIS = YES;
				CLANG_WARN_STRICT_PROTOTYPES = YES;
				CLANG_WARN_SUSPICIOUS_MOVE = YES;
				CLANG_WARN_UNGUARDED_AVAILABILITY = YES_AGGRESSIVE;
				CLANG_WARN_UNREACHABLE_CODE = YES;
				CLANG_WARN__DUPLICATE_METHOD_MATCH = YES;
				COPY_PHASE_STRIP = NO;
				DEBUG_INFORMATION_FORMAT = dwarf;
				ENABLE_STRICT_OBJC_MSGSEND = YES;
				ENABLE_TESTABILITY = YES;
				ENABLE_USER_SCRIPT_SANDBOXING = YES;
				GCC_C_LANGUAGE_STANDARD = gnu17;
				GCC_DYNAMIC_NO_PIC = NO;
				GCC_NO_COMMON_BLOCKS = YES;
				GCC_OPTIMIZATION_LEVEL = 0;
				GCC_PREPROCESSOR_DEFINITIONS = (
					"DEBUG=1",
					"$(inherited)",
				);
				GCC_WARN_64_TO_32_BIT_CONVERSION = YES;
				GCC_WARN_ABOUT_RETURN_TYPE = YES_ERROR;
				GCC_WARN_UNDECLARED_SELECTOR = YES;
				GCC_WARN_UNINITIALIZED_AUTOS = YES_AGGRESSIVE;
				GCC_WARN_UNUSED_FUNCTION = YES;
				GCC_WARN_UNUSED_VARIABLE = YES;
				IPHONEOS_DEPLOYMENT_TARGET = 17.5;
				LOCALIZATION_PREFERS_STRING_CATALOGS = YES;
				MTL_ENABLE_DEBUG_INFO = INCLUDE_SOURCE;
				MTL_FAST_MATH = YES;
				ONLY_ACTIVE_ARCH = YES;
				SDKROOT = iphoneos;
				SWIFT_ACTIVE_COMPILATION_CONDITIONS = "DEBUG $(inherited)";
				SWIFT_OPTIMIZATION_LEVEL = "-Onone";
			};
			name = Debug;
		};
		0EFDCF802C0110DD0007FAD5 /* Release */ = {
			isa = XCBuildConfiguration;
			buildSettings = {
				ALWAYS_SEARCH_USER_PATHS = NO;
				ASSETCATALOG_COMPILER_GENERATE_SWIFT_ASSET_SYMBOL_EXTENSIONS = YES;
				CLANG_ANALYZER_NONNULL = YES;
				CLANG_ANALYZER_NUMBER_OBJECT_CONVERSION = YES_AGGRESSIVE;
				CLANG_CXX_LANGUAGE_STANDARD = "gnu++20";
				CLANG_ENABLE_MODULES = YES;
				CLANG_ENABLE_OBJC_ARC = YES;
				CLANG_ENABLE_OBJC_WEAK = YES;
				CLANG_WARN_BLOCK_CAPTURE_AUTORELEASING = YES;
				CLANG_WARN_BOOL_CONVERSION = YES;
				CLANG_WARN_COMMA = YES;
				CLANG_WARN_CONSTANT_CONVERSION = YES;
				CLANG_WARN_DEPRECATED_OBJC_IMPLEMENTATIONS = YES;
				CLANG_WARN_DIRECT_OBJC_ISA_USAGE = YES_ERROR;
				CLANG_WARN_DOCUMENTATION_COMMENTS = YES;
				CLANG_WARN_EMPTY_BODY = YES;
				CLANG_WARN_ENUM_CONVERSION = YES;
				CLANG_WARN_INFINITE_RECURSION = YES;
				CLANG_WARN_INT_CONVERSION = YES;
				CLANG_WARN_NON_LITERAL_NULL_CONVERSION = YES;
				CLANG_WARN_OBJC_IMPLICIT_RETAIN_SELF = YES;
				CLANG_WARN_OBJC_LITERAL_CONVERSION = YES;
				CLANG_WARN_OBJC_ROOT_CLASS = YES_ERROR;
				CLANG_WARN_QUOTED_INCLUDE_IN_FRAMEWORK_HEADER = YES;
				CLANG_WARN_RANGE_LOOP_ANALYSIS = YES;
				CLANG_WARN_STRICT_PROTOTYPES = YES;
				CLANG_WARN_SUSPICIOUS_MOVE = YES;
				CLANG_WARN_UNGUARDED_AVAILABILITY = YES_AGGRESSIVE;
				CLANG_WARN_UNREACHABLE_CODE = YES;
				CLANG_WARN__DUPLICATE_METHOD_MATCH = YES;
				COPY_PHASE_STRIP = NO;
				DEBUG_INFORMATION_FORMAT = "dwarf-with-dsym";
				ENABLE_NS_ASSERTIONS = NO;
				ENABLE_STRICT_OBJC_MSGSEND = YES;
				ENABLE_USER_SCRIPT_SANDBOXING = YES;
				GCC_C_LANGUAGE_STANDARD = gnu17;
				GCC_NO_COMMON_BLOCKS = YES;
				GCC_WARN_64_TO_32_BIT_CONVERSION = YES;
				GCC_WARN_ABOUT_RETURN_TYPE = YES_ERROR;
				GCC_WARN_UNDECLARED_SELECTOR = YES;
				GCC_WARN_UNINITIALIZED_AUTOS = YES_AGGRESSIVE;
				GCC_WARN_UNUSED_FUNCTION = YES;
				GCC_WARN_UNUSED_VARIABLE = YES;
				IPHONEOS_DEPLOYMENT_TARGET = 17.5;
				LOCALIZATION_PREFERS_STRING_CATALOGS = YES;
				MTL_ENABLE_DEBUG_INFO = NO;
				MTL_FAST_MATH = YES;
				SDKROOT = iphoneos;
				SWIFT_COMPILATION_MODE = wholemodule;
				VALIDATE_PRODUCT = YES;
			};
			name = Release;
		};
		0EFDCF822C0110DD0007FAD5 /* Debug */ = {
			isa = XCBuildConfiguration;
			buildSettings = {
				ASSETCATALOG_COMPILER_APPICON_NAME = AppIcon;
				ASSETCATALOG_COMPILER_GLOBAL_ACCENT_COLOR_NAME = AccentColor;
				CODE_SIGN_STYLE = Automatic;
				CURRENT_PROJECT_VERSION = 1;
				DEVELOPMENT_ASSET_PATHS = "\"WWDCArchives/Preview Content\"";
				DEVELOPMENT_TEAM = 293SBP26AJ;
				ENABLE_PREVIEWS = YES;
				GENERATE_INFOPLIST_FILE = YES;
				INFOPLIST_KEY_UIApplicationSceneManifest_Generation = YES;
				INFOPLIST_KEY_UIApplicationSupportsIndirectInputEvents = YES;
				INFOPLIST_KEY_UILaunchScreen_Generation = YES;
				INFOPLIST_KEY_UISupportedInterfaceOrientations_iPad = "UIInterfaceOrientationPortrait UIInterfaceOrientationPortraitUpsideDown UIInterfaceOrientationLandscapeLeft UIInterfaceOrientationLandscapeRight";
				INFOPLIST_KEY_UISupportedInterfaceOrientations_iPhone = "UIInterfaceOrientationPortrait UIInterfaceOrientationLandscapeLeft UIInterfaceOrientationLandscapeRight";
				LD_RUNPATH_SEARCH_PATHS = (
					"$(inherited)",
					"@executable_path/Frameworks",
				);
				MARKETING_VERSION = 1.0;
				PRODUCT_BUNDLE_IDENTIFIER = com.alecar.WWDCArchives;
				PRODUCT_NAME = "$(TARGET_NAME)";
				SWIFT_EMIT_LOC_STRINGS = YES;
				SWIFT_VERSION = 5.0;
				TARGETED_DEVICE_FAMILY = "1,2";
			};
			name = Debug;
		};
		0EFDCF832C0110DD0007FAD5 /* Release */ = {
			isa = XCBuildConfiguration;
			buildSettings = {
				ASSETCATALOG_COMPILER_APPICON_NAME = AppIcon;
				ASSETCATALOG_COMPILER_GLOBAL_ACCENT_COLOR_NAME = AccentColor;
				CODE_SIGN_STYLE = Automatic;
				CURRENT_PROJECT_VERSION = 1;
				DEVELOPMENT_ASSET_PATHS = "\"WWDCArchives/Preview Content\"";
				DEVELOPMENT_TEAM = 293SBP26AJ;
				ENABLE_PREVIEWS = YES;
				GENERATE_INFOPLIST_FILE = YES;
				INFOPLIST_KEY_UIApplicationSceneManifest_Generation = YES;
				INFOPLIST_KEY_UIApplicationSupportsIndirectInputEvents = YES;
				INFOPLIST_KEY_UILaunchScreen_Generation = YES;
				INFOPLIST_KEY_UISupportedInterfaceOrientations_iPad = "UIInterfaceOrientationPortrait UIInterfaceOrientationPortraitUpsideDown UIInterfaceOrientationLandscapeLeft UIInterfaceOrientationLandscapeRight";
				INFOPLIST_KEY_UISupportedInterfaceOrientations_iPhone = "UIInterfaceOrientationPortrait UIInterfaceOrientationLandscapeLeft UIInterfaceOrientationLandscapeRight";
				LD_RUNPATH_SEARCH_PATHS = (
					"$(inherited)",
					"@executable_path/Frameworks",
				);
				MARKETING_VERSION = 1.0;
				PRODUCT_BUNDLE_IDENTIFIER = com.alecar.WWDCArchives;
				PRODUCT_NAME = "$(TARGET_NAME)";
				SWIFT_EMIT_LOC_STRINGS = YES;
				SWIFT_VERSION = 5.0;
				TARGETED_DEVICE_FAMILY = "1,2";
			};
			name = Release;
		};
/* End XCBuildConfiguration section */

/* Begin XCConfigurationList section */
		0EFDCF6E2C0110DC0007FAD5 /* Build configuration list for PBXProject "WWDCArchives" */ = {
			isa = XCConfigurationList;
			buildConfigurations = (
				0EFDCF7F2C0110DD0007FAD5 /* Debug */,
				0EFDCF802C0110DD0007FAD5 /* Release */,
			);
			defaultConfigurationIsVisible = 0;
			defaultConfigurationName = Release;
		};
		0EFDCF812C0110DD0007FAD5 /* Build configuration list for PBXNativeTarget "WWDCArchives" */ = {
			isa = XCConfigurationList;
			buildConfigurations = (
				0EFDCF822C0110DD0007FAD5 /* Debug */,
				0EFDCF832C0110DD0007FAD5 /* Release */,
			);
			defaultConfigurationIsVisible = 0;
			defaultConfigurationName = Release;
		};
/* End XCConfigurationList section */
	};
	rootObject = 0EFDCF6B2C0110DC0007FAD5 /* Project object */;
}
